
Microsoft Visual Studio Solution File, Format Version 11.00
# Visual Studio 2010
Project("{FAE04EC0-301F-11D3-BF4B-00C04F79EFBC}") = "Assembly-CSharp", "Assembly-CSharp.csproj", "{023b4443-913e-6da9-aee2-a6d8560e36aa}"
EndProject
Project("{FAE04EC0-301F-11D3-BF4B-00C04F79EFBC}") = "Assembly-CSharp-firstpass", "Assembly-CSharp-firstpass.csproj", "{746cd477-f9e4-275f-07e3-f01a061f01aa}"
EndProject
Project("{FAE04EC0-301F-11D3-BF4B-00C04F79EFBC}") = "Assembly-CSharp-Editor", "Assembly-CSharp-Editor.csproj", "{9157fbbd-9494-f722-5f60-0f140123a48b}"
EndProject
Project("{FAE04EC0-301F-11D3-BF4B-00C04F79EFBC}") = "Assembly-CSharp-Editor-firstpass", "Assembly-CSharp-Editor-firstpass.csproj", "{06d057d7-1ee3-a714-5c13-5325aa4850fb}"
EndProject
Global
	GlobalSection(SolutionConfigurationPlatforms) = preSolution
		Debug|Any CPU = Debug|Any CPU
	EndGlobalSection
	GlobalSection(ProjectConfigurationPlatforms) = postSolution
		{023b4443-913e-6da9-aee2-a6d8560e36aa}.Debug|Any CPU.ActiveCfg = Debug|Any CPU
		{023b4443-913e-6da9-aee2-a6d8560e36aa}.Debug|Any CPU.Build.0 = Debug|Any CPU
		{746cd477-f9e4-275f-07e3-f01a061f01aa}.Debug|Any CPU.ActiveCfg = Debug|Any CPU
		{746cd477-f9e4-275f-07e3-f01a061f01aa}.Debug|Any CPU.Build.0 = Debug|Any CPU
		{9157fbbd-9494-f722-5f60-0f140123a48b}.Debug|Any CPU.ActiveCfg = Debug|Any CPU
		{9157fbbd-9494-f722-5f60-0f140123a48b}.Debug|Any CPU.Build.0 = Debug|Any CPU
		{06d057d7-1ee3-a714-5c13-5325aa4850fb}.Debug|Any CPU.ActiveCfg = Debug|Any CPU
		{06d057d7-1ee3-a714-5c13-5325aa4850fb}.Debug|Any CPU.Build.0 = Debug|Any CPU
	EndGlobalSection
	GlobalSection(SolutionProperties) = preSolution
		HideSolutionNode = FALSE
	EndGlobalSection
EndGlobal
